
Microsoft Visual Studio Solution File, Format Version 12.00
# Visual Studio Version 16
VisualStudioVersion = 16.0.29001.49
MinimumVisualStudioVersion = 10.0.40219.1
Project("{FAE04EC0-301F-11D3-BF4B-00C04F79EFBC}") = "prj3beer.Android", "prj3beer\prj3beer.Android\prj3beer.Android.csproj", "{AF38E4E1-F0DE-4B64-8BBC-9B37B55CF449}"
EndProject
Project("{FAE04EC0-301F-11D3-BF4B-00C04F79EFBC}") = "prj3beer.iOS", "prj3beer\prj3beer.iOS\prj3beer.iOS.csproj", "{B0D164AF-82B7-4945-80BD-CBA7693AD914}"
EndProject
Project("{9A19103F-16F7-4668-BE54-9A1E7A4F7556}") = "prj3beer", "prj3beer\prj3beer\prj3beer.csproj", "{AE90A523-0DE0-476F-895B-20DA78D5D657}"
EndProject
Project("{2150E333-8FDC-42A3-9474-1A3956D46DE8}") = "Tests", "Tests", "{3028FA81-5960-4BC6-BA38-5D5F36D776E6}"
EndProject
Project("{FAE04EC0-301F-11D3-BF4B-00C04F79EFBC}") = "nUnitTests", "nUnitTests\nUnitTests.csproj", "{A73FAC68-5F21-4AC1-A1E8-0C4BC1805D1C}"
EndProject
Project("{FAE04EC0-301F-11D3-BF4B-00C04F79EFBC}") = "UITests", "UITests\UITests.csproj", "{193038DC-2FCC-4101-9381-D7B3205475B5}"
EndProject
Global
	GlobalSection(SolutionConfigurationPlatforms) = preSolution
		Debug|Any CPU = Debug|Any CPU
		Debug|iPhone = Debug|iPhone
		Debug|iPhoneSimulator = Debug|iPhoneSimulator
		Release|Any CPU = Release|Any CPU
		Release|iPhone = Release|iPhone
		Release|iPhoneSimulator = Release|iPhoneSimulator
	EndGlobalSection
	GlobalSection(ProjectConfigurationPlatforms) = postSolution
		{AF38E4E1-F0DE-4B64-8BBC-9B37B55CF449}.Debug|Any CPU.ActiveCfg = Debug|Any CPU
		{AF38E4E1-F0DE-4B64-8BBC-9B37B55CF449}.Debug|Any CPU.Build.0 = Debug|Any CPU
		{AF38E4E1-F0DE-4B64-8BBC-9B37B55CF449}.Debug|Any CPU.Deploy.0 = Debug|Any CPU
		{AF38E4E1-F0DE-4B64-8BBC-9B37B55CF449}.Debug|iPhone.ActiveCfg = Debug|Any CPU
		{AF38E4E1-F0DE-4B64-8BBC-9B37B55CF449}.Debug|iPhone.Build.0 = Debug|Any CPU
		{AF38E4E1-F0DE-4B64-8BBC-9B37B55CF449}.Debug|iPhone.Deploy.0 = Debug|Any CPU
		{AF38E4E1-F0DE-4B64-8BBC-9B37B55CF449}.Debug|iPhoneSimulator.ActiveCfg = Debug|Any CPU
		{AF38E4E1-F0DE-4B64-8BBC-9B37B55CF449}.Debug|iPhoneSimulator.Build.0 = Debug|Any CPU
		{AF38E4E1-F0DE-4B64-8BBC-9B37B55CF449}.Debug|iPhoneSimulator.Deploy.0 = Debug|Any CPU
		{AF38E4E1-F0DE-4B64-8BBC-9B37B55CF449}.Release|Any CPU.ActiveCfg = Release|Any CPU
		{AF38E4E1-F0DE-4B64-8BBC-9B37B55CF449}.Release|Any CPU.Build.0 = Release|Any CPU
		{AF38E4E1-F0DE-4B64-8BBC-9B37B55CF449}.Release|Any CPU.Deploy.0 = Release|Any CPU
		{AF38E4E1-F0DE-4B64-8BBC-9B37B55CF449}.Release|iPhone.ActiveCfg = Release|Any CPU
		{AF38E4E1-F0DE-4B64-8BBC-9B37B55CF449}.Release|iPhone.Build.0 = Release|Any CPU
		{AF38E4E1-F0DE-4B64-8BBC-9B37B55CF449}.Release|iPhone.Deploy.0 = Release|Any CPU
		{AF38E4E1-F0DE-4B64-8BBC-9B37B55CF449}.Release|iPhoneSimulator.ActiveCfg = Release|Any CPU
		{AF38E4E1-F0DE-4B64-8BBC-9B37B55CF449}.Release|iPhoneSimulator.Build.0 = Release|Any CPU
		{AF38E4E1-F0DE-4B64-8BBC-9B37B55CF449}.Release|iPhoneSimulator.Deploy.0 = Release|Any CPU
		{B0D164AF-82B7-4945-80BD-CBA7693AD914}.Debug|Any CPU.ActiveCfg = Debug|iPhoneSimulator
		{B0D164AF-82B7-4945-80BD-CBA7693AD914}.Debug|Any CPU.Build.0 = Debug|iPhoneSimulator
		{B0D164AF-82B7-4945-80BD-CBA7693AD914}.Debug|Any CPU.Deploy.0 = Debug|iPhoneSimulator
		{B0D164AF-82B7-4945-80BD-CBA7693AD914}.Debug|iPhone.ActiveCfg = Debug|iPhone
		{B0D164AF-82B7-4945-80BD-CBA7693AD914}.Debug|iPhone.Build.0 = Debug|iPhone
		{B0D164AF-82B7-4945-80BD-CBA7693AD914}.Debug|iPhone.Deploy.0 = Debug|iPhone
		{B0D164AF-82B7-4945-80BD-CBA7693AD914}.Debug|iPhoneSimulator.ActiveCfg = Debug|iPhoneSimulator
		{B0D164AF-82B7-4945-80BD-CBA7693AD914}.Debug|iPhoneSimulator.Build.0 = Debug|iPhoneSimulator
		{B0D164AF-82B7-4945-80BD-CBA7693AD914}.Debug|iPhoneSimulator.Deploy.0 = Debug|iPhoneSimulator
		{B0D164AF-82B7-4945-80BD-CBA7693AD914}.Release|Any CPU.ActiveCfg = Release|iPhone
		{B0D164AF-82B7-4945-80BD-CBA7693AD914}.Release|Any CPU.Build.0 = Release|iPhone
		{B0D164AF-82B7-4945-80BD-CBA7693AD914}.Release|Any CPU.Deploy.0 = Release|iPhone
		{B0D164AF-82B7-4945-80BD-CBA7693AD914}.Release|iPhone.ActiveCfg = Release|iPhone
		{B0D164AF-82B7-4945-80BD-CBA7693AD914}.Release|iPhone.Build.0 = Release|iPhone
		{B0D164AF-82B7-4945-80BD-CBA7693AD914}.Release|iPhone.Deploy.0 = Release|iPhone
		{B0D164AF-82B7-4945-80BD-CBA7693AD914}.Release|iPhoneSimulator.ActiveCfg = Release|iPhoneSimulator
		{B0D164AF-82B7-4945-80BD-CBA7693AD914}.Release|iPhoneSimulator.Build.0 = Release|iPhoneSimulator
		{B0D164AF-82B7-4945-80BD-CBA7693AD914}.Release|iPhoneSimulator.Deploy.0 = Release|iPhoneSimulator
		{AE90A523-0DE0-476F-895B-20DA78D5D657}.Debug|Any CPU.ActiveCfg = Debug|Any CPU
		{AE90A523-0DE0-476F-895B-20DA78D5D657}.Debug|Any CPU.Build.0 = Debug|Any CPU
		{AE90A523-0DE0-476F-895B-20DA78D5D657}.Debug|Any CPU.Deploy.0 = Debug|Any CPU
		{AE90A523-0DE0-476F-895B-20DA78D5D657}.Debug|iPhone.ActiveCfg = Debug|Any CPU
		{AE90A523-0DE0-476F-895B-20DA78D5D657}.Debug|iPhone.Build.0 = Debug|Any CPU
		{AE90A523-0DE0-476F-895B-20DA78D5D657}.Debug|iPhone.Deploy.0 = Debug|Any CPU
		{AE90A523-0DE0-476F-895B-20DA78D5D657}.Debug|iPhoneSimulator.ActiveCfg = Debug|Any CPU
		{AE90A523-0DE0-476F-895B-20DA78D5D657}.Debug|iPhoneSimulator.Build.0 = Debug|Any CPU
		{AE90A523-0DE0-476F-895B-20DA78D5D657}.Debug|iPhoneSimulator.Deploy.0 = Debug|Any CPU
		{AE90A523-0DE0-476F-895B-20DA78D5D657}.Release|Any CPU.ActiveCfg = Release|Any CPU
		{AE90A523-0DE0-476F-895B-20DA78D5D657}.Release|Any CPU.Build.0 = Release|Any CPU
		{AE90A523-0DE0-476F-895B-20DA78D5D657}.Release|Any CPU.Deploy.0 = Release|Any CPU
		{AE90A523-0DE0-476F-895B-20DA78D5D657}.Release|iPhone.ActiveCfg = Release|Any CPU
		{AE90A523-0DE0-476F-895B-20DA78D5D657}.Release|iPhone.Build.0 = Release|Any CPU
		{AE90A523-0DE0-476F-895B-20DA78D5D657}.Release|iPhone.Deploy.0 = Release|Any CPU
		{AE90A523-0DE0-476F-895B-20DA78D5D657}.Release|iPhoneSimulator.ActiveCfg = Release|Any CPU
		{AE90A523-0DE0-476F-895B-20DA78D5D657}.Release|iPhoneSimulator.Build.0 = Release|Any CPU
		{AE90A523-0DE0-476F-895B-20DA78D5D657}.Release|iPhoneSimulator.Deploy.0 = Release|Any CPU
		{A73FAC68-5F21-4AC1-A1E8-0C4BC1805D1C}.Debug|Any CPU.ActiveCfg = Debug|Any CPU
		{A73FAC68-5F21-4AC1-A1E8-0C4BC1805D1C}.Debug|Any CPU.Build.0 = Debug|Any CPU
		{A73FAC68-5F21-4AC1-A1E8-0C4BC1805D1C}.Debug|iPhone.ActiveCfg = Debug|Any CPU
		{A73FAC68-5F21-4AC1-A1E8-0C4BC1805D1C}.Debug|iPhone.Build.0 = Debug|Any CPU
		{A73FAC68-5F21-4AC1-A1E8-0C4BC1805D1C}.Debug|iPhoneSimulator.ActiveCfg = Debug|Any CPU
		{A73FAC68-5F21-4AC1-A1E8-0C4BC1805D1C}.Debug|iPhoneSimulator.Build.0 = Debug|Any CPU
		{A73FAC68-5F21-4AC1-A1E8-0C4BC1805D1C}.Release|Any CPU.ActiveCfg = Release|Any CPU
		{A73FAC68-5F21-4AC1-A1E8-0C4BC1805D1C}.Release|Any CPU.Build.0 = Release|Any CPU
		{A73FAC68-5F21-4AC1-A1E8-0C4BC1805D1C}.Release|iPhone.ActiveCfg = Release|Any CPU
		{A73FAC68-5F21-4AC1-A1E8-0C4BC1805D1C}.Release|iPhone.Build.0 = Release|Any CPU
		{A73FAC68-5F21-4AC1-A1E8-0C4BC1805D1C}.Release|iPhoneSimulator.ActiveCfg = Release|Any CPU
		{A73FAC68-5F21-4AC1-A1E8-0C4BC1805D1C}.Release|iPhoneSimulator.Build.0 = Release|Any CPU
		{193038DC-2FCC-4101-9381-D7B3205475B5}.Debug|Any CPU.ActiveCfg = Debug|Any CPU
		{193038DC-2FCC-4101-9381-D7B3205475B5}.Debug|Any CPU.Build.0 = Debug|Any CPU
		{193038DC-2FCC-4101-9381-D7B3205475B5}.Debug|iPhone.ActiveCfg = Debug|Any CPU
		{193038DC-2FCC-4101-9381-D7B3205475B5}.Debug|iPhone.Build.0 = Debug|Any CPU
		{193038DC-2FCC-4101-9381-D7B3205475B5}.Debug|iPhoneSimulator.ActiveCfg = Debug|Any CPU
		{193038DC-2FCC-4101-9381-D7B3205475B5}.Debug|iPhoneSimulator.Build.0 = Debug|Any CPU
		{193038DC-2FCC-4101-9381-D7B3205475B5}.Release|Any CPU.ActiveCfg = Release|Any CPU
		{193038DC-2FCC-4101-9381-D7B3205475B5}.Release|Any CPU.Build.0 = Release|Any CPU
		{193038DC-2FCC-4101-9381-D7B3205475B5}.Release|iPhone.ActiveCfg = Release|Any CPU
		{193038DC-2FCC-4101-9381-D7B3205475B5}.Release|iPhone.Build.0 = Release|Any CPU
		{193038DC-2FCC-4101-9381-D7B3205475B5}.Release|iPhoneSimulator.ActiveCfg = Release|Any CPU
		{193038DC-2FCC-4101-9381-D7B3205475B5}.Release|iPhoneSimulator.Build.0 = Release|Any CPU
	EndGlobalSection
	GlobalSection(SolutionProperties) = preSolution
		HideSolutionNode = FALSE
	EndGlobalSection
	GlobalSection(NestedProjects) = preSolution
		{A73FAC68-5F21-4AC1-A1E8-0C4BC1805D1C} = {3028FA81-5960-4BC6-BA38-5D5F36D776E6}
		{193038DC-2FCC-4101-9381-D7B3205475B5} = {3028FA81-5960-4BC6-BA38-5D5F36D776E6}
	EndGlobalSection
	GlobalSection(ExtensibilityGlobals) = postSolution
		SolutionGuid = {8F2BA8A0-868C-479F-A38C-C251DC6B6ECF}
	EndGlobalSection
EndGlobal
